
Microsoft Visual Studio Solution File, Format Version 12.00
# Visual Studio Version 16
VisualStudioVersion = 16.0.30503.244
MinimumVisualStudioVersion = 10.0.40219.1
Project("{FAE04EC0-301F-11D3-BF4B-00C04F79EFBC}") = "TestApplication", "TestApplication\TestApplication.csproj", "{5EEB603F-8B42-4E54-A232-A56EFD595DD7}"
EndProject
Global
	GlobalSection(SolutionConfigurationPlatforms) = preSolution
		Debug|Any CPU = Debug|Any CPU
		Release|Any CPU = Release|Any CPU
	EndGlobalSection
	GlobalSection(ProjectConfigurationPlatforms) = postSolution
		{5EEB603F-8B42-4E54-A232-A56EFD595DD7}.Debug|Any CPU.ActiveCfg = Debug|Any CPU
		{5EEB603F-8B42-4E54-A232-A56EFD595DD7}.Debug|Any CPU.Build.0 = Debug|Any CPU
		{5EEB603F-8B42-4E54-A232-A56EFD595DD7}.Release|Any CPU.ActiveCfg = Release|Any CPU
		{5EEB603F-8B42-4E54-A232-A56EFD595DD7}.Release|Any CPU.Build.0 = Release|Any CPU
	EndGlobalSection
	GlobalSection(SolutionProperties) = preSolution
		HideSolutionNode = FALSE
	EndGlobalSection
	GlobalSection(ExtensibilityGlobals) = postSolution
		SolutionGuid = {C33E4CD4-1595-4CC2-8869-42FA354B8C7E}
	EndGlobalSection
EndGlobal
